dependencies:
- name: frontend-app
  repository: https://raw.githubusercontent.com/AminMkh/helm-frontend/main/
  version: 0.1.0
- name: django-app
  repository: https://raw.githubusercontent.com/AminMkh/helm-django/main/
  version: 0.0.2
- name: adminer
  repository: https://cetic.github.io/helm-charts
  version: 0.1.8
digest: sha256:149b57c74496dc5f1de8ed85df2ab0b603b5a32f06c795a4e3ad35accfa11465
generated: "2022-11-15T20:33:03.602484+02:00"
